
Microsoft Visual Studio Solution File, Format Version 12.00
# Visual Studio Version 17
VisualStudioVersion = 17.0.31903.59
MinimumVisualStudioVersion = 10.0.40219.1
Project("{2150E333-8FDC-42A3-9474-1A3956D46DE8}") = "Source", "Source", "{24F22C76-F267-488A-8DF4-1C056A88987E}"
EndProject
Project("{FAE04EC0-301F-11D3-BF4B-00C04F79EFBC}") = "Nutrifica.Domain", "src\Nutrifica.Domain\Nutrifica.Domain.csproj", "{67F5A360-1BC7-4346-ABA2-3EDD4BEBCE6E}"
EndProject
Project("{FAE04EC0-301F-11D3-BF4B-00C04F79EFBC}") = "Nutrifica.Api", "src\Nutrifica.Api\Nutrifica.Api.csproj", "{21DFF364-C63A-466A-AC96-878DBA4815EF}"
EndProject
Project("{FAE04EC0-301F-11D3-BF4B-00C04F79EFBC}") = "Nutrifica.Infrastructure", "src\Nutrifica.Infrastructure\Nutrifica.Infrastructure.csproj", "{77E0D9ED-6027-421F-BE13-5B914571CC6C}"
EndProject
Project("{FAE04EC0-301F-11D3-BF4B-00C04F79EFBC}") = "Nutrifica.Application", "src\Nutrifica.Application\Nutrifica.Application.csproj", "{A7666343-E2EF-4F66-B990-35CDBA625B7F}"
EndProject
Project("{FAE04EC0-301F-11D3-BF4B-00C04F79EFBC}") = "Nutrifica.Api.Contracts", "src\Nutrifica.Api.Contracts\Nutrifica.Api.Contracts.csproj", "{5C5270F6-94B7-4051-B23A-741186EAE806}"
EndProject
Project("{FAE04EC0-301F-11D3-BF4B-00C04F79EFBC}") = "Nutrifice.Domain.UnitTests", "tests\UnitTests\Nutrifice.Domain.UnitTests\Nutrifice.Domain.UnitTests.csproj", "{C6A639E3-507B-48AF-8351-BE887A082CDB}"
EndProject
Project("{2150E333-8FDC-42A3-9474-1A3956D46DE8}") = "Tests", "Tests", "{1FC2BDE9-3FF1-43C4-B8FC-B136F6BC033E}"
EndProject
Project("{FAE04EC0-301F-11D3-BF4B-00C04F79EFBC}") = "Nutrifica.Application.UnitTests", "tests\Nutrifica.Application.UnitTests\Nutrifica.Application.UnitTests.csproj", "{FBE590A3-FA41-4FED-ACC0-9D7F019D59F0}"
EndProject
Project("{FAE04EC0-301F-11D3-BF4B-00C04F79EFBC}") = "Nutrifica.Infrastructure.UnitTests", "tests\Nutrifica.Infrastructure.UnitTests\Nutrifica.Infrastructure.UnitTests.csproj", "{45BCEBB3-B39F-4F25-81D7-C0D67CFFFD57}"
EndProject
Project("{2150E333-8FDC-42A3-9474-1A3956D46DE8}") = "Web", "Web", "{6E863102-BA47-4DD4-9E46-A1A5D1EF2777}"
EndProject
Project("{2150E333-8FDC-42A3-9474-1A3956D46DE8}") = "Client", "Client", "{FF1784DB-519A-4D9D-BAFC-13A7D51A2AA3}"
EndProject
Project("{2150E333-8FDC-42A3-9474-1A3956D46DE8}") = "Server", "Server", "{A24CA135-1DCD-46B1-A821-0C110286C0E9}"
EndProject
Project("{2150E333-8FDC-42A3-9474-1A3956D46DE8}") = "Application", "Application", "{0932E713-66E3-4636-9843-BBC0B4F54C8F}"
EndProject
Project("{2150E333-8FDC-42A3-9474-1A3956D46DE8}") = "Infrastructure", "Infrastructure", "{D34E8FEB-AB13-4F35-8442-751AED40D69D}"
EndProject
Project("{FAE04EC0-301F-11D3-BF4B-00C04F79EFBC}") = "Nutrifica.Spa", "src\Nutrifica.Spa\Nutrifica.Spa.csproj", "{43EF6339-21D7-4B54-B67D-C99CEFA68365}"
EndProject
Project("{FAE04EC0-301F-11D3-BF4B-00C04F79EFBC}") = "Nutrifica.Spa.Infrastructure", "src\Nutrifica.Spa.Infrastructure\Nutrifica.Spa.Infrastructure.csproj", "{1FB15057-C4DC-4CC4-9CE6-5989ADAF85C4}"
EndProject
Project("{2150E333-8FDC-42A3-9474-1A3956D46DE8}") = "Shared", "Shared", "{1F5A4CFF-FB3E-4E0E-81DF-0C47BD4BEC50}"
EndProject
Project("{FAE04EC0-301F-11D3-BF4B-00C04F79EFBC}") = "Nutrifica.Shared", "src\Nutrifica.Shared\Nutrifica.Shared.csproj", "{86EC76CD-6CD7-462B-8F76-EE9B035E6A9E}"
EndProject
Global
	GlobalSection(SolutionConfigurationPlatforms) = preSolution
		Debug|Any CPU = Debug|Any CPU
		Release|Any CPU = Release|Any CPU
	EndGlobalSection
	GlobalSection(SolutionProperties) = preSolution
		HideSolutionNode = FALSE
	EndGlobalSection
	GlobalSection(ProjectConfigurationPlatforms) = postSolution
		{67F5A360-1BC7-4346-ABA2-3EDD4BEBCE6E}.Debug|Any CPU.ActiveCfg = Debug|Any CPU
		{67F5A360-1BC7-4346-ABA2-3EDD4BEBCE6E}.Debug|Any CPU.Build.0 = Debug|Any CPU
		{67F5A360-1BC7-4346-ABA2-3EDD4BEBCE6E}.Release|Any CPU.ActiveCfg = Release|Any CPU
		{67F5A360-1BC7-4346-ABA2-3EDD4BEBCE6E}.Release|Any CPU.Build.0 = Release|Any CPU
		{21DFF364-C63A-466A-AC96-878DBA4815EF}.Debug|Any CPU.ActiveCfg = Debug|Any CPU
		{21DFF364-C63A-466A-AC96-878DBA4815EF}.Debug|Any CPU.Build.0 = Debug|Any CPU
		{21DFF364-C63A-466A-AC96-878DBA4815EF}.Release|Any CPU.ActiveCfg = Release|Any CPU
		{21DFF364-C63A-466A-AC96-878DBA4815EF}.Release|Any CPU.Build.0 = Release|Any CPU
		{77E0D9ED-6027-421F-BE13-5B914571CC6C}.Debug|Any CPU.ActiveCfg = Debug|Any CPU
		{77E0D9ED-6027-421F-BE13-5B914571CC6C}.Debug|Any CPU.Build.0 = Debug|Any CPU
		{77E0D9ED-6027-421F-BE13-5B914571CC6C}.Release|Any CPU.ActiveCfg = Release|Any CPU
		{77E0D9ED-6027-421F-BE13-5B914571CC6C}.Release|Any CPU.Build.0 = Release|Any CPU
		{A7666343-E2EF-4F66-B990-35CDBA625B7F}.Debug|Any CPU.ActiveCfg = Debug|Any CPU
		{A7666343-E2EF-4F66-B990-35CDBA625B7F}.Debug|Any CPU.Build.0 = Debug|Any CPU
		{A7666343-E2EF-4F66-B990-35CDBA625B7F}.Release|Any CPU.ActiveCfg = Release|Any CPU
		{A7666343-E2EF-4F66-B990-35CDBA625B7F}.Release|Any CPU.Build.0 = Release|Any CPU
		{5C5270F6-94B7-4051-B23A-741186EAE806}.Debug|Any CPU.ActiveCfg = Debug|Any CPU
		{5C5270F6-94B7-4051-B23A-741186EAE806}.Debug|Any CPU.Build.0 = Debug|Any CPU
		{5C5270F6-94B7-4051-B23A-741186EAE806}.Release|Any CPU.ActiveCfg = Release|Any CPU
		{5C5270F6-94B7-4051-B23A-741186EAE806}.Release|Any CPU.Build.0 = Release|Any CPU
		{C6A639E3-507B-48AF-8351-BE887A082CDB}.Debug|Any CPU.ActiveCfg = Debug|Any CPU
		{C6A639E3-507B-48AF-8351-BE887A082CDB}.Debug|Any CPU.Build.0 = Debug|Any CPU
		{C6A639E3-507B-48AF-8351-BE887A082CDB}.Release|Any CPU.ActiveCfg = Release|Any CPU
		{C6A639E3-507B-48AF-8351-BE887A082CDB}.Release|Any CPU.Build.0 = Release|Any CPU
		{FBE590A3-FA41-4FED-ACC0-9D7F019D59F0}.Debug|Any CPU.ActiveCfg = Debug|Any CPU
		{FBE590A3-FA41-4FED-ACC0-9D7F019D59F0}.Debug|Any CPU.Build.0 = Debug|Any CPU
		{FBE590A3-FA41-4FED-ACC0-9D7F019D59F0}.Release|Any CPU.ActiveCfg = Release|Any CPU
		{FBE590A3-FA41-4FED-ACC0-9D7F019D59F0}.Release|Any CPU.Build.0 = Release|Any CPU
		{45BCEBB3-B39F-4F25-81D7-C0D67CFFFD57}.Debug|Any CPU.ActiveCfg = Debug|Any CPU
		{45BCEBB3-B39F-4F25-81D7-C0D67CFFFD57}.Debug|Any CPU.Build.0 = Debug|Any CPU
		{45BCEBB3-B39F-4F25-81D7-C0D67CFFFD57}.Release|Any CPU.ActiveCfg = Release|Any CPU
		{45BCEBB3-B39F-4F25-81D7-C0D67CFFFD57}.Release|Any CPU.Build.0 = Release|Any CPU
		{43EF6339-21D7-4B54-B67D-C99CEFA68365}.Debug|Any CPU.ActiveCfg = Debug|Any CPU
		{43EF6339-21D7-4B54-B67D-C99CEFA68365}.Debug|Any CPU.Build.0 = Debug|Any CPU
		{43EF6339-21D7-4B54-B67D-C99CEFA68365}.Release|Any CPU.ActiveCfg = Release|Any CPU
		{43EF6339-21D7-4B54-B67D-C99CEFA68365}.Release|Any CPU.Build.0 = Release|Any CPU
		{1FB15057-C4DC-4CC4-9CE6-5989ADAF85C4}.Debug|Any CPU.ActiveCfg = Debug|Any CPU
		{1FB15057-C4DC-4CC4-9CE6-5989ADAF85C4}.Debug|Any CPU.Build.0 = Debug|Any CPU
		{1FB15057-C4DC-4CC4-9CE6-5989ADAF85C4}.Release|Any CPU.ActiveCfg = Release|Any CPU
		{1FB15057-C4DC-4CC4-9CE6-5989ADAF85C4}.Release|Any CPU.Build.0 = Release|Any CPU
		{86EC76CD-6CD7-462B-8F76-EE9B035E6A9E}.Debug|Any CPU.ActiveCfg = Debug|Any CPU
		{86EC76CD-6CD7-462B-8F76-EE9B035E6A9E}.Debug|Any CPU.Build.0 = Debug|Any CPU
		{86EC76CD-6CD7-462B-8F76-EE9B035E6A9E}.Release|Any CPU.ActiveCfg = Release|Any CPU
		{86EC76CD-6CD7-462B-8F76-EE9B035E6A9E}.Release|Any CPU.Build.0 = Release|Any CPU
	EndGlobalSection
	GlobalSection(NestedProjects) = preSolution
		{C6A639E3-507B-48AF-8351-BE887A082CDB} = {1FC2BDE9-3FF1-43C4-B8FC-B136F6BC033E}
		{FBE590A3-FA41-4FED-ACC0-9D7F019D59F0} = {1FC2BDE9-3FF1-43C4-B8FC-B136F6BC033E}
		{45BCEBB3-B39F-4F25-81D7-C0D67CFFFD57} = {1FC2BDE9-3FF1-43C4-B8FC-B136F6BC033E}
		{6E863102-BA47-4DD4-9E46-A1A5D1EF2777} = {24F22C76-F267-488A-8DF4-1C056A88987E}
		{FF1784DB-519A-4D9D-BAFC-13A7D51A2AA3} = {6E863102-BA47-4DD4-9E46-A1A5D1EF2777}
		{A24CA135-1DCD-46B1-A821-0C110286C0E9} = {6E863102-BA47-4DD4-9E46-A1A5D1EF2777}
		{21DFF364-C63A-466A-AC96-878DBA4815EF} = {A24CA135-1DCD-46B1-A821-0C110286C0E9}
		{5C5270F6-94B7-4051-B23A-741186EAE806} = {A24CA135-1DCD-46B1-A821-0C110286C0E9}
		{0932E713-66E3-4636-9843-BBC0B4F54C8F} = {24F22C76-F267-488A-8DF4-1C056A88987E}
		{67F5A360-1BC7-4346-ABA2-3EDD4BEBCE6E} = {0932E713-66E3-4636-9843-BBC0B4F54C8F}
		{A7666343-E2EF-4F66-B990-35CDBA625B7F} = {0932E713-66E3-4636-9843-BBC0B4F54C8F}
		{D34E8FEB-AB13-4F35-8442-751AED40D69D} = {24F22C76-F267-488A-8DF4-1C056A88987E}
		{77E0D9ED-6027-421F-BE13-5B914571CC6C} = {D34E8FEB-AB13-4F35-8442-751AED40D69D}
		{43EF6339-21D7-4B54-B67D-C99CEFA68365} = {FF1784DB-519A-4D9D-BAFC-13A7D51A2AA3}
		{1FB15057-C4DC-4CC4-9CE6-5989ADAF85C4} = {FF1784DB-519A-4D9D-BAFC-13A7D51A2AA3}
		{1F5A4CFF-FB3E-4E0E-81DF-0C47BD4BEC50} = {24F22C76-F267-488A-8DF4-1C056A88987E}
		{86EC76CD-6CD7-462B-8F76-EE9B035E6A9E} = {1F5A4CFF-FB3E-4E0E-81DF-0C47BD4BEC50}
	EndGlobalSection
EndGlobal
